// !$*UTF8*$!
{
	archiveVersion = 1;
	classes = {
	};
	objectVersion = 50;
	objects = {

/* Begin PBXBuildFile section */
		60FAEFF922726EBE00F9E419 /* AppDelegate.swift in Sources */ = {isa = PBXBuildFile; fileRef = 60FAEFF822726EBE00F9E419 /* AppDelegate.swift */; };
		60FAEFFB22726EBE00F9E419 /* BestSellerViewController.swift in Sources */ = {isa = PBXBuildFile; fileRef = 60FAEFFA22726EBE00F9E419 /* BestSellerViewController.swift */; };
		60FAEFFE22726EBE00F9E419 /* Main.storyboard in Resources */ = {isa = PBXBuildFile; fileRef = 60FAEFFC22726EBE00F9E419 /* Main.storyboard */; };
		60FAF00022726EBF00F9E419 /* Assets.xcassets in Resources */ = {isa = PBXBuildFile; fileRef = 60FAEFFF22726EBF00F9E419 /* Assets.xcassets */; };
		60FAF00322726EBF00F9E419 /* LaunchScreen.storyboard in Resources */ = {isa = PBXBuildFile; fileRef = 60FAF00122726EBF00F9E419 /* LaunchScreen.storyboard */; };
		60FAF00E22726EBF00F9E419 /* Web_ServiceTests.swift in Sources */ = {isa = PBXBuildFile; fileRef = 60FAF00D22726EBF00F9E419 /* Web_ServiceTests.swift */; };
		60FAF01922726EBF00F9E419 /* Web_ServiceUITests.swift in Sources */ = {isa = PBXBuildFile; fileRef = 60FAF01822726EBF00F9E419 /* Web_ServiceUITests.swift */; };
		60FAF0272272704900F9E419 /* Books.swift in Sources */ = {isa = PBXBuildFile; fileRef = 60FAF0262272704900F9E419 /* Books.swift */; };
		60FAF0292272732C00F9E419 /* BookTableViewCell.swift in Sources */ = {isa = PBXBuildFile; fileRef = 60FAF0282272732C00F9E419 /* BookTableViewCell.swift */; };
/* End PBXBuildFile section */

/* Begin PBXContainerItemProxy section */
		60FAF00A22726EBF00F9E419 /* PBXContainerItemProxy */ = {
			isa = PBXContainerItemProxy;
			containerPortal = 60FAEFED22726EBE00F9E419 /* Project object */;
			proxyType = 1;
			remoteGlobalIDString = 60FAEFF422726EBE00F9E419;
			remoteInfo = "Web Service";
		};
		60FAF01522726EBF00F9E419 /* PBXContainerItemProxy */ = {
			isa = PBXContainerItemProxy;
			containerPortal = 60FAEFED22726EBE00F9E419 /* Project object */;
			proxyType = 1;
			remoteGlobalIDString = 60FAEFF422726EBE00F9E419;
			remoteInfo = "Web Service";
		};
/* End PBXContainerItemProxy section */

/* Begin PBXFileReference section */
		60FAEFF522726EBE00F9E419 /* Web Service.app */ = {isa = PBXFileReference; explicitFileType = wrapper.application; includeInIndex = 0; path = "Web Service.app"; sourceTree = BUILT_PRODUCTS_DIR; };
		60FAEFF822726EBE00F9E419 /* AppDelegate.swift */ = {isa = PBXFileReference; lastKnownFileType = sourcecode.swift; path = AppDelegate.swift; sourceTree = "<group>"; };
		60FAEFFA22726EBE00F9E419 /* BestSellerViewController.swift */ = {isa = PBXFileReference; lastKnownFileType = sourcecode.swift; path = BestSellerViewController.swift; sourceTree = "<group>"; };
		60FAEFFD22726EBE00F9E419 /* Base */ = {isa = PBXFileReference; lastKnownFileType = file.storyboard; name = Base; path = Base.lproj/Main.storyboard; sourceTree = "<group>"; };
		60FAEFFF22726EBF00F9E419 /* Assets.xcassets */ = {isa = PBXFileReference; lastKnownFileType = folder.assetcatalog; path = Assets.xcassets; sourceTree = "<group>"; };
		60FAF00222726EBF00F9E419 /* Base */ = {isa = PBXFileReference; lastKnownFileType = file.storyboard; name = Base; path = Base.lproj/LaunchScreen.storyboard; sourceTree = "<group>"; };
		60FAF00422726EBF00F9E419 /* Info.plist */ = {isa = PBXFileReference; lastKnownFileType = text.plist.xml; path = Info.plist; sourceTree = "<group>"; };
		60FAF00922726EBF00F9E419 /* Web ServiceTests.xctest */ = {isa = PBXFileReference; explicitFileType = wrapper.cfbundle; includeInIndex = 0; path = "Web ServiceTests.xctest"; sourceTree = BUILT_PRODUCTS_DIR; };
		60FAF00D22726EBF00F9E419 /* Web_ServiceTests.swift */ = {isa = PBXFileReference; lastKnownFileType = sourcecode.swift; path = Web_ServiceTests.swift; sourceTree = "<group>"; };
		60FAF00F22726EBF00F9E419 /* Info.plist */ = {isa = PBXFileReference; lastKnownFileType = text.plist.xml; path = Info.plist; sourceTree = "<group>"; };
		60FAF01422726EBF00F9E419 /* Web ServiceUITests.xctest */ = {isa = PBXFileReference; explicitFileType = wrapper.cfbundle; includeInIndex = 0; path = "Web ServiceUITests.xctest"; sourceTree = BUILT_PRODUCTS_DIR; };
		60FAF01822726EBF00F9E419 /* Web_ServiceUITests.swift */ = {isa = PBXFileReference; lastKnownFileType = sourcecode.swift; path = Web_ServiceUITests.swift; sourceTree = "<group>"; };
		60FAF01A22726EBF00F9E419 /* Info.plist */ = {isa = PBXFileReference; lastKnownFileType = text.plist.xml; path = Info.plist; sourceTree = "<group>"; };
		60FAF0262272704900F9E419 /* Books.swift */ = {isa = PBXFileReference; lastKnownFileType = sourcecode.swift; path = Books.swift; sourceTree = "<group>"; };
		60FAF0282272732C00F9E419 /* BookTableViewCell.swift */ = {isa = PBXFileReference; lastKnownFileType = sourcecode.swift; path = BookTableViewCell.swift; sourceTree = "<group>"; };
/* End PBXFileReference section */

/* Begin PBXFrameworksBuildPhase section */
		60FAEFF222726EBE00F9E419 /* Frameworks */ = {
			isa = PBXFrameworksBuildPhase;
			buildActionMask = 2147483647;
			files = (
			);
			runOnlyForDeploymentPostprocessing = 0;
		};
		60FAF00622726EBF00F9E419 /* Frameworks */ = {
			isa = PBXFrameworksBuildPhase;
			buildActionMask = 2147483647;
			files = (
			);
			runOnlyForDeploymentPostprocessing = 0;
		};
		60FAF01122726EBF00F9E419 /* Frameworks */ = {
			isa = PBXFrameworksBuildPhase;
			buildActionMask = 2147483647;
			files = (
			);
			runOnlyForDeploymentPostprocessing = 0;
		};
/* End PBXFrameworksBuildPhase section */

/* Begin PBXGroup section */
		60FAEFEC22726EBE00F9E419 = {
			isa = PBXGroup;
			children = (
				60FAEFF722726EBE00F9E419 /* Web Service */,
				60FAF00C22726EBF00F9E419 /* Web ServiceTests */,
				60FAF01722726EBF00F9E419 /* Web ServiceUITests */,
				60FAEFF622726EBE00F9E419 /* Products */,
			);
			sourceTree = "<group>";
		};
		60FAEFF622726EBE00F9E419 /* Products */ = {
			isa = PBXGroup;
			children = (
				60FAEFF522726EBE00F9E419 /* Web Service.app */,
				60FAF00922726EBF00F9E419 /* Web ServiceTests.xctest */,
				60FAF01422726EBF00F9E419 /* Web ServiceUITests.xctest */,
			);
			name = Products;
			sourceTree = "<group>";
		};
		60FAEFF722726EBE00F9E419 /* Web Service */ = {
			isa = PBXGroup;
			children = (
				60FAEFF822726EBE00F9E419 /* AppDelegate.swift */,
				60FAEFFA22726EBE00F9E419 /* BestSellerViewController.swift */,
				60FAEFFC22726EBE00F9E419 /* Main.storyboard */,
				60FAF0262272704900F9E419 /* Books.swift */,
				60FAF0282272732C00F9E419 /* BookTableViewCell.swift */,
				60FAEFFF22726EBF00F9E419 /* Assets.xcassets */,
				60FAF00122726EBF00F9E419 /* LaunchScreen.storyboard */,
				60FAF00422726EBF00F9E419 /* Info.plist */,
			);
			path = "Web Service";
			sourceTree = "<group>";
		};
		60FAF00C22726EBF00F9E419 /* Web ServiceTests */ = {
			isa = PBXGroup;
			children = (
				60FAF00D22726EBF00F9E419 /* Web_ServiceTests.swift */,
				60FAF00F22726EBF00F9E419 /* Info.plist */,
			);
			path = "Web ServiceTests";
			sourceTree = "<group>";
		};
		60FAF01722726EBF00F9E419 /* Web ServiceUITests */ = {
			isa = PBXGroup;
			children = (
				60FAF01822726EBF00F9E419 /* Web_ServiceUITests.swift */,
				60FAF01A22726EBF00F9E419 /* Info.plist */,
			);
			path = "Web ServiceUITests";
			sourceTree = "<group>";
		};
/* End PBXGroup section */

/* Begin PBXNativeTarget section */
		60FAEFF422726EBE00F9E419 /* Web Service */ = {
			isa = PBXNativeTarget;
			buildConfigurationList = 60FAF01D22726EBF00F9E419 /* Build configuration list for PBXNativeTarget "Web Service" */;
			buildPhases = (
				60FAEFF122726EBE00F9E419 /* Sources */,
				60FAEFF222726EBE00F9E419 /* Frameworks */,
				60FAEFF322726EBE00F9E419 /* Resources */,
			);
			buildRules = (
			);
			dependencies = (
			);
			name = "Web Service";
			productName = "Web Service";
			productReference = 60FAEFF522726EBE00F9E419 /* Web Service.app */;
			productType = "com.apple.product-type.application";
		};
		60FAF00822726EBF00F9E419 /* Web ServiceTests */ = {
			isa = PBXNativeTarget;
			buildConfigurationList = 60FAF02022726EBF00F9E419 /* Build configuration list for PBXNativeTarget "Web ServiceTests" */;
			buildPhases = (
				60FAF00522726EBF00F9E419 /* Sources */,
				60FAF00622726EBF00F9E419 /* Frameworks */,
				60FAF00722726EBF00F9E419 /* Resources */,
			);
			buildRules = (
			);
			dependencies = (
				60FAF00B22726EBF00F9E419 /* PBXTargetDependency */,
			);
			name = "Web ServiceTests";
			productName = "Web ServiceTests";
			productReference = 60FAF00922726EBF00F9E419 /* Web ServiceTests.xctest */;
			productType = "com.apple.product-type.bundle.unit-test";
		};
		60FAF01322726EBF00F9E419 /* Web ServiceUITests */ = {
			isa = PBXNativeTarget;
			buildConfigurationList = 60FAF02322726EBF00F9E419 /* Build configuration list for PBXNativeTarget "Web ServiceUITests" */;
			buildPhases = (
				60FAF01022726EBF00F9E419 /* Sources */,
				60FAF01122726EBF00F9E419 /* Frameworks */,
				60FAF01222726EBF00F9E419 /* Resources */,
			);
			buildRules = (
			);
			dependencies = (
				60FAF01622726EBF00F9E419 /* PBXTargetDependency */,
			);
			name = "Web ServiceUITests";
			productName = "Web ServiceUITests";
			productReference = 60FAF01422726EBF00F9E419 /* Web ServiceUITests.xctest */;
			productType = "com.apple.product-type.bundle.ui-testing";
		};
/* End PBXNativeTarget section */

/* Begin PBXProject section */
		60FAEFED22726EBE00F9E419 /* Project object */ = {
			isa = PBXProject;
			attributes = {
				LastSwiftUpdateCheck = 1010;
				LastUpgradeCheck = 1010;
				ORGANIZATIONNAME = "Grant Maloney";
				TargetAttributes = {
					60FAEFF422726EBE00F9E419 = {
						CreatedOnToolsVersion = 10.1;
					};
					60FAF00822726EBF00F9E419 = {
						CreatedOnToolsVersion = 10.1;
						TestTargetID = 60FAEFF422726EBE00F9E419;
					};
					60FAF01322726EBF00F9E419 = {
						CreatedOnToolsVersion = 10.1;
						TestTargetID = 60FAEFF422726EBE00F9E419;
					};
				};
			};
			buildConfigurationList = 60FAEFF022726EBE00F9E419 /* Build configuration list for PBXProject "Web Service" */;
			compatibilityVersion = "Xcode 9.3";
			developmentRegion = en;
			hasScannedForEncodings = 0;
			knownRegions = (
				en,
				Base,
			);
			mainGroup = 60FAEFEC22726EBE00F9E419;
			productRefGroup = 60FAEFF622726EBE00F9E419 /* Products */;
			projectDirPath = "";
			projectRoot = "";
			targets = (
				60FAEFF422726EBE00F9E419 /* Web Service */,
				60FAF00822726EBF00F9E419 /* Web ServiceTests */,
				60FAF01322726EBF00F9E419 /* Web ServiceUITests */,
			);
		};
/* End PBXProject section */

/* Begin PBXResourcesBuildPhase section */
		60FAEFF322726EBE00F9E419 /* Resources */ = {
			isa = PBXResourcesBuildPhase;
			buildActionMask = 2147483647;
			files = (
				60FAF00322726EBF00F9E419 /* LaunchScreen.storyboard in Resources */,
				60FAF00022726EBF00F9E419 /* Assets.xcassets in Resources */,
				60FAEFFE22726EBE00F9E419 /* Main.storyboard in Resources */,
			);
			runOnlyForDeploymentPostprocessing = 0;
		};
		60FAF00722726EBF00F9E419 /* Resources */ = {
			isa = PBXResourcesBuildPhase;
			buildActionMask = 2147483647;
			files = (
			);
			runOnlyForDeploymentPostprocessing = 0;
		};
		60FAF01222726EBF00F9E419 /* Resources */ = {
			isa = PBXResourcesBuildPhase;
			buildActionMask = 2147483647;
			files = (
			);
			runOnlyForDeploymentPostprocessing = 0;
		};
/* End PBXResourcesBuildPhase section */

/* Begin PBXSourcesBuildPhase section */
		60FAEFF122726EBE00F9E419 /* Sources */ = {
			isa = PBXSourcesBuildPhase;
			buildActionMask = 2147483647;
			files = (
				60FAF0292272732C00F9E419 /* BookTableViewCell.swift in Sources */,
				60FAF0272272704900F9E419 /* Books.swift in Sources */,
				60FAEFFB22726EBE00F9E419 /* BestSellerViewController.swift in Sources */,
				60FAEFF922726EBE00F9E419 /* AppDelegate.swift in Sources */,
			);
			runOnlyForDeploymentPostprocessing = 0;
		};
		60FAF00522726EBF00F9E419 /* Sources */ = {
			isa = PBXSourcesBuildPhase;
			buildActionMask = 2147483647;
			files = (
				60FAF00E22726EBF00F9E419 /* Web_ServiceTests.swift in Sources */,
			);
			runOnlyForDeploymentPostprocessing = 0;
		};
		60FAF01022726EBF00F9E419 /* Sources */ = {
			isa = PBXSourcesBuildPhase;
			buildActionMask = 2147483647;
			files = (
				60FAF01922726EBF00F9E419 /* Web_ServiceUITests.swift in Sources */,
			);
			runOnlyForDeploymentPostprocessing = 0;
		};
/* End PBXSourcesBuildPhase section */

/* Begin PBXTargetDependency section */
		60FAF00B22726EBF00F9E419 /* PBXTargetDependency */ = {
			isa = PBXTargetDependency;
			target = 60FAEFF422726EBE00F9E419 /* Web Service */;
			targetProxy = 60FAF00A22726EBF00F9E419 /* PBXContainerItemProxy */;
		};
		60FAF01622726EBF00F9E419 /* PBXTargetDependency */ = {
			isa = PBXTargetDependency;
			target = 60FAEFF422726EBE00F9E419 /* Web Service */;
			targetProxy = 60FAF01522726EBF00F9E419 /* PBXContainerItemProxy */;
		};
/* End PBXTargetDependency section */

/* Begin PBXVariantGroup section */
		60FAEFFC22726EBE00F9E419 /* Main.storyboard */ = {
			isa = PBXVariantGroup;
			children = (
				60FAEFFD22726EBE00F9E419 /* Base */,
			);
			name = Main.storyboard;
			sourceTree = "<group>";
		};
		60FAF00122726EBF00F9E419 /* LaunchScreen.storyboard */ = {
			isa = PBXVariantGroup;
			children = (
				60FAF00222726EBF00F9E419 /* Base */,
			);
			name = LaunchScreen.storyboard;
			sourceTree = "<group>";
		};
/* End PBXVariantGroup section */

/* Begin XCBuildConfiguration section */
		60FAF01B22726EBF00F9E419 /* Debug */ = {
			isa = XCBuildConfiguration;
			buildSettings = {
				ALWAYS_SEARCH_USER_PATHS = NO;
				CLANG_ANALYZER_NONNULL = YES;
				CLANG_ANALYZER_NUMBER_OBJECT_CONVERSION = YES_AGGRESSIVE;
				CLANG_CXX_LANGUAGE_STANDARD = "gnu++14";
				CLANG_CXX_LIBRARY = "libc++";
				CLANG_ENABLE_MODULES = YES;
				CLANG_ENABLE_OBJC_ARC = YES;
				CLANG_ENABLE_OBJC_WEAK = YES;
				CLANG_WARN_BLOCK_CAPTURE_AUTORELEASING = YES;
				CLANG_WARN_BOOL_CONVERSION = YES;
				CLANG_WARN_COMMA = YES;
				CLANG_WARN_CONSTANT_CONVERSION = YES;
				CLANG_WARN_DEPRECATED_OBJC_IMPLEMENTATIONS = YES;
				CLANG_WARN_DIRECT_OBJC_ISA_USAGE = YES_ERROR;
				CLANG_WARN_DOCUMENTATION_COMMENTS = YES;
				CLANG_WARN_EMPTY_BODY = YES;
				CLANG_WARN_ENUM_CONVERSION = YES;
				CLANG_WARN_INFINITE_RECURSION = YES;
				CLANG_WARN_INT_CONVERSION = YES;
				CLANG_WARN_NON_LITERAL_NULL_CONVERSION = YES;
				CLANG_WARN_OBJC_IMPLICIT_RETAIN_SELF = YES;
				CLANG_WARN_OBJC_LITERAL_CONVERSION = YES;
				CLANG_WARN_OBJC_ROOT_CLASS = YES_ERROR;
				CLANG_WARN_RANGE_LOOP_ANALYSIS = YES;
				CLANG_WARN_STRICT_PROTOTYPES = YES;
				CLANG_WARN_SUSPICIOUS_MOVE = YES;
				CLANG_WARN_UNGUARDED_AVAILABILITY = YES_AGGRESSIVE;
				CLANG_WARN_UNREACHABLE_CODE = YES;
				CLANG_WARN__DUPLICATE_METHOD_MATCH = YES;
				CODE_SIGN_IDENTITY = "iPhone Developer";
				COPY_PHASE_STRIP = NO;
				DEBUG_INFORMATION_FORMAT = dwarf;
				ENABLE_STRICT_OBJC_MSGSEND = YES;
				ENABLE_TESTABILITY = YES;
				GCC_C_LANGUAGE_STANDARD = gnu11;
				GCC_DYNAMIC_NO_PIC = NO;
				GCC_NO_COMMON_BLOCKS = YES;
				GCC_OPTIMIZATION_LEVEL = 0;
				GCC_PREPROCESSOR_DEFINITIONS = (
					"DEBUG=1",
					"$(inherited)",
				);
				GCC_WARN_64_TO_32_BIT_CONVERSION = YES;
				GCC_WARN_ABOUT_RETURN_TYPE = YES_ERROR;
				GCC_WARN_UNDECLARED_SELECTOR = YES;
				GCC_WARN_UNINITIALIZED_AUTOS = YES_AGGRESSIVE;
				GCC_WARN_UNUSED_FUNCTION = YES;
				GCC_WARN_UNUSED_VARIABLE = YES;
				IPHONEOS_DEPLOYMENT_TARGET = 12.1;
				MTL_ENABLE_DEBUG_INFO = INCLUDE_SOURCE;
				MTL_FAST_MATH = YES;
				ONLY_ACTIVE_ARCH = YES;
				SDKROOT = iphoneos;
				SWIFT_ACTIVE_COMPILATION_CONDITIONS = DEBUG;
				SWIFT_OPTIMIZATION_LEVEL = "-Onone";
			};
			name = Debug;
		};
		60FAF01C22726EBF00F9E419 /* Release */ = {
			isa = XCBuildConfiguration;
			buildSettings = {
				ALWAYS_SEARCH_USER_PATHS = NO;
				CLANG_ANALYZER_NONNULL = YES;
				CLANG_ANALYZER_NUMBER_OBJECT_CONVERSION = YES_AGGRESSIVE;
				CLANG_CXX_LANGUAGE_STANDARD = "gnu++14";
				CLANG_CXX_LIBRARY = "libc++";
				CLANG_ENABLE_MODULES = YES;
				CLANG_ENABLE_OBJC_ARC = YES;
				CLANG_ENABLE_OBJC_WEAK = YES;
				CLANG_WARN_BLOCK_CAPTURE_AUTORELEASING = YES;
				CLANG_WARN_BOOL_CONVERSION = YES;
				CLANG_WARN_COMMA = YES;
				CLANG_WARN_CONSTANT_CONVERSION = YES;
				CLANG_WARN_DEPRECATED_OBJC_IMPLEMENTATIONS = YES;
				CLANG_WARN_DIRECT_OBJC_ISA_USAGE = YES_ERROR;
				CLANG_WARN_DOCUMENTATION_COMMENTS = YES;
				CLANG_WARN_EMPTY_BODY = YES;
				CLANG_WARN_ENUM_CONVERSION = YES;
				CLANG_WARN_INFINITE_RECURSION = YES;
				CLANG_WARN_INT_CONVERSION = YES;
				CLANG_WARN_NON_LITERAL_NULL_CONVERSION = YES;
				CLANG_WARN_OBJC_IMPLICIT_RETAIN_SELF = YES;
				CLANG_WARN_OBJC_LITERAL_CONVERSION = YES;
				CLANG_WARN_OBJC_ROOT_CLASS = YES_ERROR;
				CLANG_WARN_RANGE_LOOP_ANALYSIS = YES;
				CLANG_WARN_STRICT_PROTOTYPES = YES;
				CLANG_WARN_SUSPICIOUS_MOVE = YES;
				CLANG_WARN_UNGUARDED_AVAILABILITY = YES_AGGRESSIVE;
				CLANG_WARN_UNREACHABLE_CODE = YES;
				CLANG_WARN__DUPLICATE_METHOD_MATCH = YES;
				CODE_SIGN_IDENTITY = "iPhone Developer";
				COPY_PHASE_STRIP = NO;
				DEBUG_INFORMATION_FORMAT = "dwarf-with-dsym";
				ENABLE_NS_ASSERTIONS = NO;
				ENABLE_STRICT_OBJC_MSGSEND = YES;
				GCC_C_LANGUAGE_STANDARD = gnu11;
				GCC_NO_COMMON_BLOCKS = YES;
				GCC_WARN_64_TO_32_BIT_CONVERSION = YES;
				GCC_WARN_ABOUT_RETURN_TYPE = YES_ERROR;
				GCC_WARN_UNDECLARED_SELECTOR = YES;
				GCC_WARN_UNINITIALIZED_AUTOS = YES_AGGRESSIVE;
				GCC_WARN_UNUSED_FUNCTION = YES;
				GCC_WARN_UNUSED_VARIABLE = YES;
				IPHONEOS_DEPLOYMENT_TARGET = 12.1;
				MTL_ENABLE_DEBUG_INFO = NO;
				MTL_FAST_MATH = YES;
				SDKROOT = iphoneos;
				SWIFT_COMPILATION_MODE = wholemodule;
				SWIFT_OPTIMIZATION_LEVEL = "-O";
				VALIDATE_PRODUCT = YES;
			};
			name = Release;
		};
		60FAF01E22726EBF00F9E419 /* Debug */ = {
			isa = XCBuildConfiguration;
			buildSettings = {
				ASSETCATALOG_COMPILER_APPICON_NAME = AppIcon;
				CODE_SIGN_STYLE = Automatic;
				DEVELOPMENT_TEAM = 8W864F2WP3;
				INFOPLIST_FILE = "Web Service/Info.plist";
				LD_RUNPATH_SEARCH_PATHS = (
					"$(inherited)",
					"@executable_path/Frameworks",
				);
				PRODUCT_BUNDLE_IDENTIFIER = "gpmpn2.Web-Service";
				PRODUCT_NAME = "$(TARGET_NAME)";
				SWIFT_VERSION = 4.2;
				TARGETED_DEVICE_FAMILY = "1,2";
			};
			name = Debug;
		};
		60FAF01F22726EBF00F9E419 /* Release */ = {
			isa = XCBuildConfiguration;
			buildSettings = {
				ASSETCATALOG_COMPILER_APPICON_NAME = AppIcon;
				CODE_SIGN_STYLE = Automatic;
				DEVELOPMENT_TEAM = 8W864F2WP3;
				INFOPLIST_FILE = "Web Service/Info.plist";
				LD_RUNPATH_SEARCH_PATHS = (
					"$(inherited)",
					"@executable_path/Frameworks",
				);
				PRODUCT_BUNDLE_IDENTIFIER = "gpmpn2.Web-Service";
				PRODUCT_NAME = "$(TARGET_NAME)";
				SWIFT_VERSION = 4.2;
				TARGETED_DEVICE_FAMILY = "1,2";
			};
			name = Release;
		};
		60FAF02122726EBF00F9E419 /* Debug */ = {
			isa = XCBuildConfiguration;
			buildSettings = {
				ALWAYS_EMBED_SWIFT_STANDARD_LIBRARIES = YES;
				BUNDLE_LOADER = "$(TEST_HOST)";
				CODE_SIGN_STYLE = Automatic;
				DEVELOPMENT_TEAM = 8W864F2WP3;
				INFOPLIST_FILE = "Web ServiceTests/Info.plist";
				LD_RUNPATH_SEARCH_PATHS = (
					"$(inherited)",
					"@executable_path/Frameworks",
					"@loader_path/Frameworks",
				);
				PRODUCT_BUNDLE_IDENTIFIER = "gpmpn2.Web-ServiceTests";
				PRODUCT_NAME = "$(TARGET_NAME)";
				SWIFT_VERSION = 4.2;
				TARGETED_DEVICE_FAMILY = "1,2";
				TEST_HOST = "$(BUILT_PRODUCTS_DIR)/Web Service.app/Web Service";
			};
			name = Debug;
		};
		60FAF02222726EBF00F9E419 /* Release */ = {
			isa = XCBuildConfiguration;
			buildSettings = {
				ALWAYS_EMBED_SWIFT_STANDARD_LIBRARIES = YES;
				BUNDLE_LOADER = "$(TEST_HOST)";
				CODE_SIGN_STYLE = Automatic;
				DEVELOPMENT_TEAM = 8W864F2WP3;
				INFOPLIST_FILE = "Web ServiceTests/Info.plist";
				LD_RUNPATH_SEARCH_PATHS = (
					"$(inherited)",
					"@executable_path/Frameworks",
					"@loader_path/Frameworks",
				);
				PRODUCT_BUNDLE_IDENTIFIER = "gpmpn2.Web-ServiceTests";
				PRODUCT_NAME = "$(TARGET_NAME)";
				SWIFT_VERSION = 4.2;
				TARGETED_DEVICE_FAMILY = "1,2";
				TEST_HOST = "$(BUILT_PRODUCTS_DIR)/Web Service.app/Web Service";
			};
			name = Release;
		};
		60FAF02422726EBF00F9E419 /* Debug */ = {
			isa = XCBuildConfiguration;
			buildSettings = {
				ALWAYS_EMBED_SWIFT_STANDARD_LIBRARIES = YES;
				CODE_SIGN_STYLE = Automatic;
				DEVELOPMENT_TEAM = 8W864F2WP3;
				INFOPLIST_FILE = "Web ServiceUITests/Info.plist";
				LD_RUNPATH_SEARCH_PATHS = (
					"$(inherited)",
					"@executable_path/Frameworks",
					"@loader_path/Frameworks",
				);
				PRODUCT_BUNDLE_IDENTIFIER = "gpmpn2.Web-ServiceUITests";
				PRODUCT_NAME = "$(TARGET_NAME)";
				SWIFT_VERSION = 4.2;
				TARGETED_DEVICE_FAMILY = "1,2";
				TEST_TARGET_NAME = "Web Service";
			};
			name = Debug;
		};
		60FAF02522726EBF00F9E419 /* Release */ = {
			isa = XCBuildConfiguration;
			buildSettings = {
				ALWAYS_EMBED_SWIFT_STANDARD_LIBRARIES = YES;
				CODE_SIGN_STYLE = Automatic;
				DEVELOPMENT_TEAM = 8W864F2WP3;
				INFOPLIST_FILE = "Web ServiceUITests/Info.plist";
				LD_RUNPATH_SEARCH_PATHS = (
					"$(inherited)",
					"@executable_path/Frameworks",
					"@loader_path/Frameworks",
				);
				PRODUCT_BUNDLE_IDENTIFIER = "gpmpn2.Web-ServiceUITests";
				PRODUCT_NAME = "$(TARGET_NAME)";
				SWIFT_VERSION = 4.2;
				TARGETED_DEVICE_FAMILY = "1,2";
				TEST_TARGET_NAME = "Web Service";
			};
			name = Release;
		};
/* End XCBuildConfiguration section */

/* Begin XCConfigurationList section */
		60FAEFF022726EBE00F9E419 /* Build configuration list for PBXProject "Web Service" */ = {
			isa = XCConfigurationList;
			buildConfigurations = (
				60FAF01B22726EBF00F9E419 /* Debug */,
				60FAF01C22726EBF00F9E419 /* Release */,
			);
			defaultConfigurationIsVisible = 0;
			defaultConfigurationName = Release;
		};
		60FAF01D22726EBF00F9E419 /* Build configuration list for PBXNativeTarget "Web Service" */ = {
			isa = XCConfigurationList;
			buildConfigurations = (
				60FAF01E22726EBF00F9E419 /* Debug */,
				60FAF01F22726EBF00F9E419 /* Release */,
			);
			defaultConfigurationIsVisible = 0;
			defaultConfigurationName = Release;
		};
		60FAF02022726EBF00F9E419 /* Build configuration list for PBXNativeTarget "Web ServiceTests" */ = {
			isa = XCConfigurationList;
			buildConfigurations = (
				60FAF02122726EBF00F9E419 /* Debug */,
				60FAF02222726EBF00F9E419 /* Release */,
			);
			defaultConfigurationIsVisible = 0;
			defaultConfigurationName = Release;
		};
		60FAF02322726EBF00F9E419 /* Build configuration list for PBXNativeTarget "Web ServiceUITests" */ = {
			isa = XCConfigurationList;
			buildConfigurations = (
				60FAF02422726EBF00F9E419 /* Debug */,
				60FAF02522726EBF00F9E419 /* Release */,
			);
			defaultConfigurationIsVisible = 0;
			defaultConfigurationName = Release;
		};
/* End XCConfigurationList section */
	};
	rootObject = 60FAEFED22726EBE00F9E419 /* Project object */;
}
